// !$*UTF8*$!
{
	archiveVersion = 1;
	classes = {
	};
	objectVersion = 46;
	objects = {

/* Begin PBXBuildFile section */
		817F39921E5D71BC00325DAD /* README.md in Sources */ = {isa = PBXBuildFile; fileRef = 817F39911E5D71BC00325DAD /* README.md */; };
		817F39941E5D71C100325DAD /* LICENSE.md in Sources */ = {isa = PBXBuildFile; fileRef = 817F39931E5D71C100325DAD /* LICENSE.md */; };
		847A57731E731D8500245393 /* CustomAlertVC.swift in Sources */ = {isa = PBXBuildFile; fileRef = 847A57721E731D8500245393 /* CustomAlertVC.swift */; };
		84CE69061E598CB2009E0234 /* AppDelegate.swift in Sources */ = {isa = PBXBuildFile; fileRef = 84CE69051E598CB2009E0234 /* AppDelegate.swift */; };
		84CE69081E598CB2009E0234 /* ViewController.swift in Sources */ = {isa = PBXBuildFile; fileRef = 84CE69071E598CB2009E0234 /* ViewController.swift */; };
		84CE690B1E598CB2009E0234 /* Main.storyboard in Resources */ = {isa = PBXBuildFile; fileRef = 84CE69091E598CB2009E0234 /* Main.storyboard */; };
		84CE690D1E598CB2009E0234 /* Assets.xcassets in Resources */ = {isa = PBXBuildFile; fileRef = 84CE690C1E598CB2009E0234 /* Assets.xcassets */; };
		84CE69101E598CB2009E0234 /* LaunchScreen.storyboard in Resources */ = {isa = PBXBuildFile; fileRef = 84CE690E1E598CB2009E0234 /* LaunchScreen.storyboard */; };
		84CE69211E59934E009E0234 /* CPAlert.storyboard in Resources */ = {isa = PBXBuildFile; fileRef = 84CE691F1E59934E009E0234 /* CPAlert.storyboard */; };
		84CE69221E59934E009E0234 /* CPAlertVC.swift in Sources */ = {isa = PBXBuildFile; fileRef = 84CE69201E59934E009E0234 /* CPAlertVC.swift */; };
		84E2167F1E5C9FCA00D3FF47 /* CPAlertAction.swift in Sources */ = {isa = PBXBuildFile; fileRef = 84E2167E1E5C9FCA00D3FF47 /* CPAlertAction.swift */; };
/* End PBXBuildFile section */

/* Begin PBXFileReference section */
		817F39911E5D71BC00325DAD /* README.md */ = {isa = PBXFileReference; fileEncoding = 4; lastKnownFileType = net.daringfireball.markdown; path = README.md; sourceTree = "<group>"; };
		817F39931E5D71C100325DAD /* LICENSE.md */ = {isa = PBXFileReference; fileEncoding = 4; lastKnownFileType = net.daringfireball.markdown; path = LICENSE.md; sourceTree = "<group>"; };
		847A57721E731D8500245393 /* CustomAlertVC.swift */ = {isa = PBXFileReference; fileEncoding = 4; lastKnownFileType = sourcecode.swift; path = CustomAlertVC.swift; sourceTree = "<group>"; };
		84CE69021E598CB2009E0234 /* CPAlertViewController.app */ = {isa = PBXFileReference; explicitFileType = wrapper.application; includeInIndex = 0; path = CPAlertViewController.app; sourceTree = BUILT_PRODUCTS_DIR; };
		84CE69051E598CB2009E0234 /* AppDelegate.swift */ = {isa = PBXFileReference; lastKnownFileType = sourcecode.swift; path = AppDelegate.swift; sourceTree = "<group>"; };
		84CE69071E598CB2009E0234 /* ViewController.swift */ = {isa = PBXFileReference; lastKnownFileType = sourcecode.swift; path = ViewController.swift; sourceTree = "<group>"; };
		84CE690A1E598CB2009E0234 /* Base */ = {isa = PBXFileReference; lastKnownFileType = file.storyboard; name = Base; path = Base.lproj/Main.storyboard; sourceTree = "<group>"; };
		84CE690C1E598CB2009E0234 /* Assets.xcassets */ = {isa = PBXFileReference; lastKnownFileType = folder.assetcatalog; path = Assets.xcassets; sourceTree = "<group>"; };
		84CE690F1E598CB2009E0234 /* Base */ = {isa = PBXFileReference; lastKnownFileType = file.storyboard; name = Base; path = Base.lproj/LaunchScreen.storyboard; sourceTree = "<group>"; };
		84CE69111E598CB2009E0234 /* Info.plist */ = {isa = PBXFileReference; lastKnownFileType = text.plist.xml; path = Info.plist; sourceTree = "<group>"; };
		84CE691F1E59934E009E0234 /* CPAlert.storyboard */ = {isa = PBXFileReference; fileEncoding = 4; lastKnownFileType = file.storyboard; path = CPAlert.storyboard; sourceTree = "<group>"; };
		84CE69201E59934E009E0234 /* CPAlertVC.swift */ = {isa = PBXFileReference; fileEncoding = 4; lastKnownFileType = sourcecode.swift; path = CPAlertVC.swift; sourceTree = "<group>"; };
		84E2167E1E5C9FCA00D3FF47 /* CPAlertAction.swift */ = {isa = PBXFileReference; fileEncoding = 4; lastKnownFileType = sourcecode.swift; path = CPAlertAction.swift; sourceTree = "<group>"; };
/* End PBXFileReference section */

/* Begin PBXFrameworksBuildPhase section */
		84CE68FF1E598CB2009E0234 /* Frameworks */ = {
			isa = PBXFrameworksBuildPhase;
			buildActionMask = 2147483647;
			files = (
			);
			runOnlyForDeploymentPostprocessing = 0;
		};
/* End PBXFrameworksBuildPhase section */

/* Begin PBXGroup section */
		84CE68F91E598CB2009E0234 = {
			isa = PBXGroup;
			children = (
				84CE69041E598CB2009E0234 /* CPAlertViewController */,
				84CE69031E598CB2009E0234 /* Products */,
			);
			sourceTree = "<group>";
		};
		84CE69031E598CB2009E0234 /* Products */ = {
			isa = PBXGroup;
			children = (
				84CE69021E598CB2009E0234 /* CPAlertViewController.app */,
			);
			name = Products;
			sourceTree = "<group>";
		};
		84CE69041E598CB2009E0234 /* CPAlertViewController */ = {
			isa = PBXGroup;
			children = (
				84CE691E1E59934E009E0234 /* CPAlertViewControllerSource */,
				84CE69051E598CB2009E0234 /* AppDelegate.swift */,
				84CE69071E598CB2009E0234 /* ViewController.swift */,
				847A57721E731D8500245393 /* CustomAlertVC.swift */,
				84CE69091E598CB2009E0234 /* Main.storyboard */,
				84CE690C1E598CB2009E0234 /* Assets.xcassets */,
				84CE690E1E598CB2009E0234 /* LaunchScreen.storyboard */,
				84CE69111E598CB2009E0234 /* Info.plist */,
				817F39931E5D71C100325DAD /* LICENSE.md */,
				817F39911E5D71BC00325DAD /* README.md */,
			);
			path = CPAlertViewController;
			sourceTree = "<group>";
		};
		84CE691E1E59934E009E0234 /* CPAlertViewControllerSource */ = {
			isa = PBXGroup;
			children = (
				84CE691F1E59934E009E0234 /* CPAlert.storyboard */,
				84CE69201E59934E009E0234 /* CPAlertVC.swift */,
				84E2167E1E5C9FCA00D3FF47 /* CPAlertAction.swift */,
			);
			path = CPAlertViewControllerSource;
			sourceTree = "<group>";
		};
/* End PBXGroup section */

/* Begin PBXNativeTarget section */
		84CE69011E598CB2009E0234 /* CPAlertViewController */ = {
			isa = PBXNativeTarget;
			buildConfigurationList = 84CE69141E598CB2009E0234 /* Build configuration list for PBXNativeTarget "CPAlertViewController" */;
			buildPhases = (
				84CE68FE1E598CB2009E0234 /* Sources */,
				84CE68FF1E598CB2009E0234 /* Frameworks */,
				84CE69001E598CB2009E0234 /* Resources */,
			);
			buildRules = (
			);
			dependencies = (
			);
			name = CPAlertViewController;
			productName = CPAlertViewController;
			productReference = 84CE69021E598CB2009E0234 /* CPAlertViewController.app */;
			productType = "com.apple.product-type.application";
		};
/* End PBXNativeTarget section */

/* Begin PBXProject section */
		84CE68FA1E598CB2009E0234 /* Project object */ = {
			isa = PBXProject;
			attributes = {
				LastSwiftUpdateCheck = 0810;
				LastUpgradeCheck = 0810;
				ORGANIZATIONNAME = admin;
				TargetAttributes = {
					84CE69011E598CB2009E0234 = {
						CreatedOnToolsVersion = 8.1;
						ProvisioningStyle = Automatic;
					};
				};
			};
			buildConfigurationList = 84CE68FD1E598CB2009E0234 /* Build configuration list for PBXProject "CPAlertViewController" */;
			compatibilityVersion = "Xcode 3.2";
			developmentRegion = English;
			hasScannedForEncodings = 0;
			knownRegions = (
				en,
				Base,
			);
			mainGroup = 84CE68F91E598CB2009E0234;
			productRefGroup = 84CE69031E598CB2009E0234 /* Products */;
			projectDirPath = "";
			projectRoot = "";
			targets = (
				84CE69011E598CB2009E0234 /* CPAlertViewController */,
			);
		};
/* End PBXProject section */

/* Begin PBXResourcesBuildPhase section */
		84CE69001E598CB2009E0234 /* Resources */ = {
			isa = PBXResourcesBuildPhase;
			buildActionMask = 2147483647;
			files = (
				84CE69211E59934E009E0234 /* CPAlert.storyboard in Resources */,
				84CE69101E598CB2009E0234 /* LaunchScreen.storyboard in Resources */,
				84CE690D1E598CB2009E0234 /* Assets.xcassets in Resources */,
				84CE690B1E598CB2009E0234 /* Main.storyboard in Resources */,
			);
			runOnlyForDeploymentPostprocessing = 0;
		};
/* End PBXResourcesBuildPhase section */

/* Begin PBXSourcesBuildPhase section */
		84CE68FE1E598CB2009E0234 /* Sources */ = {
			isa = PBXSourcesBuildPhase;
			buildActionMask = 2147483647;
			files = (
				84CE69081E598CB2009E0234 /* ViewController.swift in Sources */,
				847A57731E731D8500245393 /* CustomAlertVC.swift in Sources */,
				84CE69061E598CB2009E0234 /* AppDelegate.swift in Sources */,
				817F39921E5D71BC00325DAD /* README.md in Sources */,
				84CE69221E59934E009E0234 /* CPAlertVC.swift in Sources */,
				817F39941E5D71C100325DAD /* LICENSE.md in Sources */,
				84E2167F1E5C9FCA00D3FF47 /* CPAlertAction.swift in Sources */,
			);
			runOnlyForDeploymentPostprocessing = 0;
		};
/* End PBXSourcesBuildPhase section */

/* Begin PBXVariantGroup section */
		84CE69091E598CB2009E0234 /* Main.storyboard */ = {
			isa = PBXVariantGroup;
			children = (
				84CE690A1E598CB2009E0234 /* Base */,
			);
			name = Main.storyboard;
			sourceTree = "<group>";
		};
		84CE690E1E598CB2009E0234 /* LaunchScreen.storyboard */ = {
			isa = PBXVariantGroup;
			children = (
				84CE690F1E598CB2009E0234 /* Base */,
			);
			name = LaunchScreen.storyboard;
			sourceTree = "<group>";
		};
/* End PBXVariantGroup section */

/* Begin XCBuildConfiguration section */
		84CE69121E598CB2009E0234 /* Debug */ = {
			isa = XCBuildConfiguration;
			buildSettings = {
				ALWAYS_SEARCH_USER_PATHS = NO;
				CLANG_ANALYZER_NONNULL = YES;
				CLANG_CXX_LANGUAGE_STANDARD = "gnu++0x";
				CLANG_CXX_LIBRARY = "libc++";
				CLANG_ENABLE_MODULES = YES;
				CLANG_ENABLE_OBJC_ARC = YES;
				CLANG_WARN_BOOL_CONVERSION = YES;
				CLANG_WARN_CONSTANT_CONVERSION = YES;
				CLANG_WARN_DIRECT_OBJC_ISA_USAGE = YES_ERROR;
				CLANG_WARN_DOCUMENTATION_COMMENTS = YES;
				CLANG_WARN_EMPTY_BODY = YES;
				CLANG_WARN_ENUM_CONVERSION = YES;
				CLANG_WARN_INFINITE_RECURSION = YES;
				CLANG_WARN_INT_CONVERSION = YES;
				CLANG_WARN_OBJC_ROOT_CLASS = YES_ERROR;
				CLANG_WARN_SUSPICIOUS_MOVES = YES;
				CLANG_WARN_UNREACHABLE_CODE = YES;
				CLANG_WARN__DUPLICATE_METHOD_MATCH = YES;
				"CODE_SIGN_IDENTITY[sdk=iphoneos*]" = "iPhone Developer";
				COPY_PHASE_STRIP = NO;
				DEBUG_INFORMATION_FORMAT = dwarf;
				ENABLE_STRICT_OBJC_MSGSEND = YES;
				ENABLE_TESTABILITY = YES;
				GCC_C_LANGUAGE_STANDARD = gnu99;
				GCC_DYNAMIC_NO_PIC = NO;
				GCC_NO_COMMON_BLOCKS = YES;
				GCC_OPTIMIZATION_LEVEL = 0;
				GCC_PREPROCESSOR_DEFINITIONS = (
					"DEBUG=1",
					"$(inherited)",
				);
				GCC_WARN_64_TO_32_BIT_CONVERSION = YES;
				GCC_WARN_ABOUT_RETURN_TYPE = YES_ERROR;
				GCC_WARN_UNDECLARED_SELECTOR = YES;
				GCC_WARN_UNINITIALIZED_AUTOS = YES_AGGRESSIVE;
				GCC_WARN_UNUSED_FUNCTION = YES;
				GCC_WARN_UNUSED_VARIABLE = YES;
				IPHONEOS_DEPLOYMENT_TARGET = 10.1;
				MTL_ENABLE_DEBUG_INFO = YES;
				ONLY_ACTIVE_ARCH = YES;
				SDKROOT = iphoneos;
				SWIFT_ACTIVE_COMPILATION_CONDITIONS = DEBUG;
				SWIFT_OPTIMIZATION_LEVEL = "-Onone";
			};
			name = Debug;
		};
		84CE69131E598CB2009E0234 /* Release */ = {
			isa = XCBuildConfiguration;
			buildSettings = {
				ALWAYS_SEARCH_USER_PATHS = NO;
				CLANG_ANALYZER_NONNULL = YES;
				CLANG_CXX_LANGUAGE_STANDARD = "gnu++0x";
				CLANG_CXX_LIBRARY = "libc++";
				CLANG_ENABLE_MODULES = YES;
				CLANG_ENABLE_OBJC_ARC = YES;
				CLANG_WARN_BOOL_CONVERSION = YES;
				CLANG_WARN_CONSTANT_CONVERSION = YES;
				CLANG_WARN_DIRECT_OBJC_ISA_USAGE = YES_ERROR;
				CLANG_WARN_DOCUMENTATION_COMMENTS = YES;
				CLANG_WARN_EMPTY_BODY = YES;
				CLANG_WARN_ENUM_CONVERSION = YES;
				CLANG_WARN_INFINITE_RECURSION = YES;
				CLANG_WARN_INT_CONVERSION = YES;
				CLANG_WARN_OBJC_ROOT_CLASS = YES_ERROR;
				CLANG_WARN_SUSPICIOUS_MOVES = YES;
				CLANG_WARN_UNREACHABLE_CODE = YES;
				CLANG_WARN__DUPLICATE_METHOD_MATCH = YES;
				"CODE_SIGN_IDENTITY[sdk=iphoneos*]" = "iPhone Developer";
				COPY_PHASE_STRIP = NO;
				DEBUG_INFORMATION_FORMAT = "dwarf-with-dsym";
				ENABLE_NS_ASSERTIONS = NO;
				ENABLE_STRICT_OBJC_MSGSEND = YES;
				GCC_C_LANGUAGE_STANDARD = gnu99;
				GCC_NO_COMMON_BLOCKS = YES;
				GCC_WARN_64_TO_32_BIT_CONVERSION = YES;
				GCC_WARN_ABOUT_RETURN_TYPE = YES_ERROR;
				GCC_WARN_UNDECLARED_SELECTOR = YES;
				GCC_WARN_UNINITIALIZED_AUTOS = YES_AGGRESSIVE;
				GCC_WARN_UNUSED_FUNCTION = YES;
				GCC_WARN_UNUSED_VARIABLE = YES;
				IPHONEOS_DEPLOYMENT_TARGET = 10.1;
				MTL_ENABLE_DEBUG_INFO = NO;
				SDKROOT = iphoneos;
				SWIFT_OPTIMIZATION_LEVEL = "-Owholemodule";
				VALIDATE_PRODUCT = YES;
			};
			name = Release;
		};
		84CE69151E598CB2009E0234 /* Debug */ = {
			isa = XCBuildConfiguration;
			buildSettings = {
				ASSETCATALOG_COMPILER_APPICON_NAME = AppIcon;
				INFOPLIST_FILE = CPAlertViewController/Info.plist;
				LD_RUNPATH_SEARCH_PATHS = "$(inherited) @executable_path/Frameworks";
				PRODUCT_BUNDLE_IDENTIFIER = com.caophong.CPAlertViewController;
				PRODUCT_NAME = "$(TARGET_NAME)";
				SWIFT_VERSION = 3.0;
			};
			name = Debug;
		};
		84CE69161E598CB2009E0234 /* Release */ = {
			isa = XCBuildConfiguration;
			buildSettings = {
				ASSETCATALOG_COMPILER_APPICON_NAME = AppIcon;
				INFOPLIST_FILE = CPAlertViewController/Info.plist;
				LD_RUNPATH_SEARCH_PATHS = "$(inherited) @executable_path/Frameworks";
				PRODUCT_BUNDLE_IDENTIFIER = com.caophong.CPAlertViewController;
				PRODUCT_NAME = "$(TARGET_NAME)";
				SWIFT_VERSION = 3.0;
			};
			name = Release;
		};
/* End XCBuildConfiguration section */

/* Begin XCConfigurationList section */
		84CE68FD1E598CB2009E0234 /* Build configuration list for PBXProject "CPAlertViewController" */ = {
			isa = XCConfigurationList;
			buildConfigurations = (
				84CE69121E598CB2009E0234 /* Debug */,
				84CE69131E598CB2009E0234 /* Release */,
			);
			defaultConfigurationIsVisible = 0;
			defaultConfigurationName = Release;
		};
		84CE69141E598CB2009E0234 /* Build configuration list for PBXNativeTarget "CPAlertViewController" */ = {
			isa = XCConfigurationList;
			buildConfigurations = (
				84CE69151E598CB2009E0234 /* Debug */,
				84CE69161E598CB2009E0234 /* Release */,
			);
			defaultConfigurationIsVisible = 0;
			defaultConfigurationName = Release;
		};
/* End XCConfigurationList section */
	};
	rootObject = 84CE68FA1E598CB2009E0234 /* Project object */;
}
